
Microsoft Visual Studio Solution File, Format Version 12.00
# Visual Studio Version 16
VisualStudioVersion = 16.0.30225.117
MinimumVisualStudioVersion = 10.0.40219.1
Project("{9A19103F-16F7-4668-BE54-9A1E7A4F7556}") = "FlorenceVetHospitalv2", "FlorenceVetHospitalv2\FlorenceVetHospitalv2.csproj", "{A5EB0CBA-4559-424A-ABA9-70195116DB1A}"
EndProject
Global
	GlobalSection(SolutionConfigurationPlatforms) = preSolution
		Debug|Any CPU = Debug|Any CPU
		Release|Any CPU = Release|Any CPU
	EndGlobalSection
	GlobalSection(ProjectConfigurationPlatforms) = postSolution
		{A5EB0CBA-4559-424A-ABA9-70195116DB1A}.Debug|Any CPU.ActiveCfg = Debug|Any CPU
		{A5EB0CBA-4559-424A-ABA9-70195116DB1A}.Debug|Any CPU.Build.0 = Debug|Any CPU
		{A5EB0CBA-4559-424A-ABA9-70195116DB1A}.Release|Any CPU.ActiveCfg = Release|Any CPU
		{A5EB0CBA-4559-424A-ABA9-70195116DB1A}.Release|Any CPU.Build.0 = Release|Any CPU
	EndGlobalSection
	GlobalSection(SolutionProperties) = preSolution
		HideSolutionNode = FALSE
	EndGlobalSection
	GlobalSection(ExtensibilityGlobals) = postSolution
		SolutionGuid = {4CC9EEBA-6A4C-4A5E-A6F3-709272D951A0}
	EndGlobalSection
EndGlobal
